
Microsoft Visual Studio Solution File, Format Version 12.00
# Visual Studio Version 16
VisualStudioVersion = 16.0.29613.14
MinimumVisualStudioVersion = 10.0.40219.1
Project("{FAE04EC0-301F-11D3-BF4B-00C04F79EFBC}") = "Rdppractice9", "Rdppractice9\Rdppractice9.csproj", "{9ED1AD5D-F8EC-4E4C-99C7-B1C146C4DBFA}"
EndProject
Global
	GlobalSection(SolutionConfigurationPlatforms) = preSolution
		Debug|Any CPU = Debug|Any CPU
		Release|Any CPU = Release|Any CPU
	EndGlobalSection
	GlobalSection(ProjectConfigurationPlatforms) = postSolution
		{9ED1AD5D-F8EC-4E4C-99C7-B1C146C4DBFA}.Debug|Any CPU.ActiveCfg = Debug|Any CPU
		{9ED1AD5D-F8EC-4E4C-99C7-B1C146C4DBFA}.Debug|Any CPU.Build.0 = Debug|Any CPU
		{9ED1AD5D-F8EC-4E4C-99C7-B1C146C4DBFA}.Release|Any CPU.ActiveCfg = Release|Any CPU
		{9ED1AD5D-F8EC-4E4C-99C7-B1C146C4DBFA}.Release|Any CPU.Build.0 = Release|Any CPU
	EndGlobalSection
	GlobalSection(SolutionProperties) = preSolution
		HideSolutionNode = FALSE
	EndGlobalSection
	GlobalSection(ExtensibilityGlobals) = postSolution
		SolutionGuid = {E3A0D308-0A8B-4450-8FA2-582BDE668701}
	EndGlobalSection
EndGlobal
